
Microsoft Visual Studio Solution File, Format Version 12.00
# Visual Studio Version 16
VisualStudioVersion = 16.0.32428.217
MinimumVisualStudioVersion = 10.0.40219.1
Project("{FAE04EC0-301F-11D3-BF4B-00C04F79EFBC}") = "WindowsThemeSync", "WindowsThemeSync\WindowsThemeSync.csproj", "{C20F64DD-95A1-4E41-9AC6-BA7CB2C4DE2C}"
EndProject
Global
	GlobalSection(SolutionConfigurationPlatforms) = preSolution
		Debug|Any CPU = Debug|Any CPU
		Release|Any CPU = Release|Any CPU
	EndGlobalSection
	GlobalSection(ProjectConfigurationPlatforms) = postSolution
		{C20F64DD-95A1-4E41-9AC6-BA7CB2C4DE2C}.Debug|Any CPU.ActiveCfg = Debug|Any CPU
		{C20F64DD-95A1-4E41-9AC6-BA7CB2C4DE2C}.Debug|Any CPU.Build.0 = Debug|Any CPU
		{C20F64DD-95A1-4E41-9AC6-BA7CB2C4DE2C}.Release|Any CPU.ActiveCfg = Release|Any CPU
		{C20F64DD-95A1-4E41-9AC6-BA7CB2C4DE2C}.Release|Any CPU.Build.0 = Release|Any CPU
	EndGlobalSection
	GlobalSection(SolutionProperties) = preSolution
		HideSolutionNode = FALSE
	EndGlobalSection
	GlobalSection(ExtensibilityGlobals) = postSolution
		SolutionGuid = {7E7117FE-7140-413A-9055-5A0D546E07D5}
	EndGlobalSection
EndGlobal
